[{<<"bear">>,
  {git,"https://github.com/boundary/bear.git",
       {ref,"119234548783af19b8ec75c879c5062676b92571"}},
  1},
 {<<"eministat">>,
  {git,"https://github.com/jlouis/eministat.git",
       {ref,"d2b7c9999765ea257f4eb03b177fc83f63038fd4"}},
  0},
 {<<"timing">>,
  {git,"https://github.com/lpgauth/timing.git",
       {ref,"f56fb9922c16e446439ed3b5f5117fe878335173"}},
  0},
 {<<"timothy">>,
  {git,"https://github.com/gnuvince/timothy.git",
       {ref,"cc61a2b8f96bbe93fbfc7dac25f0288ac62fd725"}},
  0}].
